
Microsoft Visual Studio Solution File, Format Version 12.00
# Visual Studio Express 2012 for Windows Desktop
Project("{FAE04EC0-301F-11D3-BF4B-00C04F79EFBC}") = "mio991.REST.Server", "mio991.REST.Server\mio991.REST.Server.csproj", "{36BEA6DA-0E69-4FD3-B9D5-03431C805D61}"
EndProject
Project("{FAE04EC0-301F-11D3-BF4B-00C04F79EFBC}") = "mio991.REST.Plugins.UsersAndRights", "mio991.REST.Plugins.UserAndRights\mio991.REST.Plugins.UsersAndRights.csproj", "{3C1CBD4E-1BEE-4237-A0B9-992F74784A68}"
EndProject
Project("{FAE04EC0-301F-11D3-BF4B-00C04F79EFBC}") = "mio991.REST.Plugins.Files", "mio991.REST.Plugins.Files\mio991.REST.Plugins.Files.csproj", "{8C79FCCC-AE95-4040-BE74-2E9BDD730081}"
EndProject
Global
	GlobalSection(SolutionConfigurationPlatforms) = preSolution
		Debug|Any CPU = Debug|Any CPU
		Debug|Mixed Platforms = Debug|Mixed Platforms
		Debug|x86 = Debug|x86
		Release|Any CPU = Release|Any CPU
		Release|Mixed Platforms = Release|Mixed Platforms
		Release|x86 = Release|x86
	EndGlobalSection
	GlobalSection(ProjectConfigurationPlatforms) = postSolution
		{36BEA6DA-0E69-4FD3-B9D5-03431C805D61}.Debug|Any CPU.ActiveCfg = Debug|x86
		{36BEA6DA-0E69-4FD3-B9D5-03431C805D61}.Debug|Any CPU.Build.0 = Debug|x86
		{36BEA6DA-0E69-4FD3-B9D5-03431C805D61}.Debug|Mixed Platforms.ActiveCfg = Debug|x86
		{36BEA6DA-0E69-4FD3-B9D5-03431C805D61}.Debug|Mixed Platforms.Build.0 = Debug|x86
		{36BEA6DA-0E69-4FD3-B9D5-03431C805D61}.Debug|x86.ActiveCfg = Debug|x86
		{36BEA6DA-0E69-4FD3-B9D5-03431C805D61}.Debug|x86.Build.0 = Debug|x86
		{36BEA6DA-0E69-4FD3-B9D5-03431C805D61}.Release|Any CPU.ActiveCfg = Release|x86
		{36BEA6DA-0E69-4FD3-B9D5-03431C805D61}.Release|Mixed Platforms.ActiveCfg = Release|x86
		{36BEA6DA-0E69-4FD3-B9D5-03431C805D61}.Release|Mixed Platforms.Build.0 = Release|x86
		{36BEA6DA-0E69-4FD3-B9D5-03431C805D61}.Release|x86.ActiveCfg = Release|x86
		{36BEA6DA-0E69-4FD3-B9D5-03431C805D61}.Release|x86.Build.0 = Release|x86
		{3C1CBD4E-1BEE-4237-A0B9-992F74784A68}.Debug|Any CPU.ActiveCfg = Debug|Any CPU
		{3C1CBD4E-1BEE-4237-A0B9-992F74784A68}.Debug|Any CPU.Build.0 = Debug|Any CPU
		{3C1CBD4E-1BEE-4237-A0B9-992F74784A68}.Debug|Mixed Platforms.ActiveCfg = Debug|Any CPU
		{3C1CBD4E-1BEE-4237-A0B9-992F74784A68}.Debug|Mixed Platforms.Build.0 = Debug|Any CPU
		{3C1CBD4E-1BEE-4237-A0B9-992F74784A68}.Debug|Mixed Platforms.Deploy.0 = Debug|Any CPU
		{3C1CBD4E-1BEE-4237-A0B9-992F74784A68}.Debug|x86.ActiveCfg = Debug|Any CPU
		{3C1CBD4E-1BEE-4237-A0B9-992F74784A68}.Release|Any CPU.ActiveCfg = Release|Any CPU
		{3C1CBD4E-1BEE-4237-A0B9-992F74784A68}.Release|Any CPU.Build.0 = Release|Any CPU
		{3C1CBD4E-1BEE-4237-A0B9-992F74784A68}.Release|Mixed Platforms.ActiveCfg = Release|Any CPU
		{3C1CBD4E-1BEE-4237-A0B9-992F74784A68}.Release|Mixed Platforms.Build.0 = Release|Any CPU
		{3C1CBD4E-1BEE-4237-A0B9-992F74784A68}.Release|x86.ActiveCfg = Release|Any CPU
		{8C79FCCC-AE95-4040-BE74-2E9BDD730081}.Debug|Any CPU.ActiveCfg = Debug|Any CPU
		{8C79FCCC-AE95-4040-BE74-2E9BDD730081}.Debug|Any CPU.Build.0 = Debug|Any CPU
		{8C79FCCC-AE95-4040-BE74-2E9BDD730081}.Debug|Mixed Platforms.ActiveCfg = Debug|Any CPU
		{8C79FCCC-AE95-4040-BE74-2E9BDD730081}.Debug|Mixed Platforms.Build.0 = Debug|Any CPU
		{8C79FCCC-AE95-4040-BE74-2E9BDD730081}.Debug|Mixed Platforms.Deploy.0 = Debug|Any CPU
		{8C79FCCC-AE95-4040-BE74-2E9BDD730081}.Debug|x86.ActiveCfg = Debug|Any CPU
		{8C79FCCC-AE95-4040-BE74-2E9BDD730081}.Release|Any CPU.ActiveCfg = Release|Any CPU
		{8C79FCCC-AE95-4040-BE74-2E9BDD730081}.Release|Any CPU.Build.0 = Release|Any CPU
		{8C79FCCC-AE95-4040-BE74-2E9BDD730081}.Release|Mixed Platforms.ActiveCfg = Release|Any CPU
		{8C79FCCC-AE95-4040-BE74-2E9BDD730081}.Release|Mixed Platforms.Build.0 = Release|Any CPU
		{8C79FCCC-AE95-4040-BE74-2E9BDD730081}.Release|x86.ActiveCfg = Release|Any CPU
	EndGlobalSection
	GlobalSection(SolutionProperties) = preSolution
		HideSolutionNode = FALSE
	EndGlobalSection
	GlobalSection(MonoDevelopProperties) = preSolution
		StartupItem = REST_Server\REST_Server.csproj
		Policies = $0
		$0.DotNetNamingPolicy = $1
		$1.DirectoryNamespaceAssociation = PrefixedHierarchical
		$1.ResourceNamePolicy = FileFormatDefault
		$0.TextStylePolicy = $5
		$2.inheritsSet = null
		$2.scope = text/x-csharp
		$0.CSharpFormattingPolicy = $3
		$3.AfterDelegateDeclarationParameterComma = True
		$3.inheritsSet = Mono
		$3.inheritsScope = text/x-csharp
		$3.scope = text/x-csharp
		$4.FileWidth = 120
		$4.TabsToSpaces = False
		$4.inheritsSet = VisualStudio
		$4.inheritsScope = text/plain
		$4.scope = text/plain
		$5.inheritsSet = null
		$5.scope = application/config+xml
		$0.XmlFormattingPolicy = $6
		$6.inheritsSet = null
		$6.scope = application/config+xml
		$0.StandardHeader = $7
		$7.Text = @ \n ${FileName}\n \n Author:\n      ${AuthorName} <${AuthorEmail}>\n\n Copyright (c) ${Year} ${CopyrightHolder}\n\n This program is free software: you can redistribute it and/or modify\n it under the terms of the GNU General Public License as published by\n the Free Software Foundation, either version 3 of the License, or\n (at your option) any later version.\n\n This program is distributed in the hope that it will be useful,\n but WITHOUT ANY WARRANTY; without even the implied warranty of\n MERCHANTABILITY or FITNESS FOR A PARTICULAR PURPOSE.  See the\n GNU General Public License for more details.\n\n You should have received a copy of the GNU General Public License\n along with this program.  If not, see <http://www.gnu.org/licenses/>.
		$7.IncludeInNewFiles = True
		$0.NameConventionPolicy = $8
		$8.Rules = $9
		$9.NamingRule = $35
		$10.Name = Namespaces
		$10.AffectedEntity = Namespace
		$10.VisibilityMask = VisibilityMask
		$10.NamingStyle = PascalCase
		$10.IncludeInstanceMembers = True
		$10.IncludeStaticEntities = True
		$11.Name = Types
		$11.AffectedEntity = Class, Struct, Enum, Delegate
		$11.VisibilityMask = VisibilityMask
		$11.NamingStyle = PascalCase
		$11.IncludeInstanceMembers = True
		$11.IncludeStaticEntities = True
		$12.Name = Interfaces
		$12.RequiredPrefixes = $13
		$13.String = I
		$12.AffectedEntity = Interface
		$12.VisibilityMask = VisibilityMask
		$12.NamingStyle = PascalCase
		$12.IncludeInstanceMembers = True
		$12.IncludeStaticEntities = True
		$14.Name = Attributes
		$14.RequiredSuffixes = $15
		$15.String = Attribute
		$14.AffectedEntity = CustomAttributes
		$14.VisibilityMask = VisibilityMask
		$14.NamingStyle = PascalCase
		$14.IncludeInstanceMembers = True
		$14.IncludeStaticEntities = True
		$16.Name = Event Arguments
		$16.RequiredSuffixes = $17
		$17.String = EventArgs
		$16.AffectedEntity = CustomEventArgs
		$16.VisibilityMask = VisibilityMask
		$16.NamingStyle = PascalCase
		$16.IncludeInstanceMembers = True
		$16.IncludeStaticEntities = True
		$18.Name = Exceptions
		$18.RequiredSuffixes = $19
		$19.String = Exception
		$18.AffectedEntity = CustomExceptions
		$18.VisibilityMask = VisibilityMask
		$18.NamingStyle = PascalCase
		$18.IncludeInstanceMembers = True
		$18.IncludeStaticEntities = True
		$20.Name = Methods
		$20.AffectedEntity = Methods
		$20.VisibilityMask = VisibilityMask
		$20.NamingStyle = PascalCase
		$20.IncludeInstanceMembers = True
		$20.IncludeStaticEntities = True
		$21.Name = Static Readonly Fields
		$21.AffectedEntity = ReadonlyField
		$21.VisibilityMask = Internal, Protected, Public
		$21.NamingStyle = PascalCase
		$21.IncludeInstanceMembers = False
		$21.IncludeStaticEntities = True
		$22.Name = Fields (Non Private)
		$22.AffectedEntity = Field
		$22.VisibilityMask = Internal, Protected, Public
		$22.NamingStyle = PascalCase
		$22.IncludeInstanceMembers = True
		$22.IncludeStaticEntities = True
		$23.Name = ReadOnly Fields (Non Private)
		$23.AffectedEntity = ReadonlyField
		$23.VisibilityMask = Internal, Protected, Public
		$23.NamingStyle = PascalCase
		$23.IncludeInstanceMembers = True
		$23.IncludeStaticEntities = False
		$24.Name = Fields (Private)
		$24.RequiredPrefixes = $25
		$25.String = m_
		$24.AffectedEntity = Field, ReadonlyField
		$24.VisibilityMask = Private
		$24.NamingStyle = PascalCase
		$24.IncludeInstanceMembers = True
		$24.IncludeStaticEntities = True
		$26.Name = Static Fields (Private)
		$26.RequiredPrefixes = $27
		$27.String = m_
		$26.AffectedEntity = Field
		$26.VisibilityMask = Private
		$26.NamingStyle = CamelCase
		$26.IncludeInstanceMembers = False
		$26.IncludeStaticEntities = True
		$28.Name = ReadOnly Fields (Private)
		$28.RequiredPrefixes = $29
		$29.String = m_
		$28.AffectedEntity = ReadonlyField
		$28.VisibilityMask = Private
		$28.NamingStyle = PascalCase
		$28.IncludeInstanceMembers = True
		$28.IncludeStaticEntities = False
		$30.Name = Constant Fields
		$30.AffectedEntity = ConstantField
		$30.VisibilityMask = VisibilityMask
		$30.NamingStyle = AllUpper
		$30.IncludeInstanceMembers = True
		$30.IncludeStaticEntities = True
		$31.Name = Properties
		$31.AffectedEntity = Property
		$31.VisibilityMask = VisibilityMask
		$31.NamingStyle = PascalCase
		$31.IncludeInstanceMembers = True
		$31.IncludeStaticEntities = True
		$32.Name = Events
		$32.AffectedEntity = Event
		$32.VisibilityMask = VisibilityMask
		$32.NamingStyle = PascalCase
		$32.IncludeInstanceMembers = True
		$32.IncludeStaticEntities = True
		$33.Name = Enum Members
		$33.AffectedEntity = EnumMember
		$33.VisibilityMask = VisibilityMask
		$33.NamingStyle = PascalCase
		$33.IncludeInstanceMembers = True
		$33.IncludeStaticEntities = True
		$34.Name = Parameters
		$34.AffectedEntity = Parameter
		$34.VisibilityMask = VisibilityMask
		$34.NamingStyle = CamelCase
		$34.IncludeInstanceMembers = True
		$34.IncludeStaticEntities = True
		$35.Name = Type Parameters
		$35.RequiredPrefixes = $36
		$36.String = T
		$35.AffectedEntity = TypeParameter
		$35.VisibilityMask = VisibilityMask
		$35.NamingStyle = PascalCase
		$35.IncludeInstanceMembers = True
		$35.IncludeStaticEntities = True
		$0.VersionControlPolicy = $37
		$37.inheritsSet = Mono
		$0.ChangeLogPolicy = $38
		$38.UpdateMode = None
		$38.MessageStyle = $39
		$39.LineAlign = 0
		$38.inheritsSet = Mono
	EndGlobalSection
EndGlobal
